
Microsoft Visual Studio Solution File, Format Version 12.00
# Visual Studio Version 16
VisualStudioVersion = 16.0.31005.135
MinimumVisualStudioVersion = 10.0.40219.1
Project("{8BC9CEB8-8B4A-11D0-8D11-00A0C91BC942}") = "kursbook", "kursbook\kursbook.vcxproj", "{2077341A-0DEF-4FC0-9DE8-9F118A1B1D95}"
EndProject
Global
	GlobalSection(SolutionConfigurationPlatforms) = preSolution
		Debug|x64 = Debug|x64
		Debug|x86 = Debug|x86
		Release|x64 = Release|x64
		Release|x86 = Release|x86
	EndGlobalSection
	GlobalSection(ProjectConfigurationPlatforms) = postSolution
		{2077341A-0DEF-4FC0-9DE8-9F118A1B1D95}.Debug|x64.ActiveCfg = Debug|x64
		{2077341A-0DEF-4FC0-9DE8-9F118A1B1D95}.Debug|x64.Build.0 = Debug|x64
		{2077341A-0DEF-4FC0-9DE8-9F118A1B1D95}.Debug|x86.ActiveCfg = Debug|Win32
		{2077341A-0DEF-4FC0-9DE8-9F118A1B1D95}.Debug|x86.Build.0 = Debug|Win32
		{2077341A-0DEF-4FC0-9DE8-9F118A1B1D95}.Release|x64.ActiveCfg = Release|x64
		{2077341A-0DEF-4FC0-9DE8-9F118A1B1D95}.Release|x64.Build.0 = Release|x64
		{2077341A-0DEF-4FC0-9DE8-9F118A1B1D95}.Release|x86.ActiveCfg = Release|Win32
		{2077341A-0DEF-4FC0-9DE8-9F118A1B1D95}.Release|x86.Build.0 = Release|Win32
	EndGlobalSection
	GlobalSection(SolutionProperties) = preSolution
		HideSolutionNode = FALSE
	EndGlobalSection
	GlobalSection(ExtensibilityGlobals) = postSolution
		SolutionGuid = {9F528064-6630-4008-8B60-BB144AEB9578}
	EndGlobalSection
EndGlobal
